// !$*UTF8*$!
{
	archiveVersion = 1;
	classes = {
	};
	objectVersion = 46;
	objects = {

/* Begin PBXBuildFile section */
		3EE225EA17B5B46A009AFD49 /* Foundation.framework in Frameworks */ = {isa = PBXBuildFile; fileRef = 3EE225E917B5B46A009AFD49 /* Foundation.framework */; };
		3EE225EC17B5B46A009AFD49 /* CoreGraphics.framework in Frameworks */ = {isa = PBXBuildFile; fileRef = 3EE225EB17B5B46A009AFD49 /* CoreGraphics.framework */; };
		3EE225EE17B5B46A009AFD49 /* UIKit.framework in Frameworks */ = {isa = PBXBuildFile; fileRef = 3EE225ED17B5B46A009AFD49 /* UIKit.framework */; };
		3EE225F417B5B46A009AFD49 /* InfoPlist.strings in Resources */ = {isa = PBXBuildFile; fileRef = 3EE225F217B5B46A009AFD49 /* InfoPlist.strings */; };
		3EE225F617B5B46A009AFD49 /* main.m in Sources */ = {isa = PBXBuildFile; fileRef = 3EE225F517B5B46A009AFD49 /* main.m */; };
		3EE225FA17B5B46A009AFD49 /* mbAppDelegate.m in Sources */ = {isa = PBXBuildFile; fileRef = 3EE225F917B5B46A009AFD49 /* mbAppDelegate.m */; };
		3EE225FD17B5B46A009AFD49 /* Main.storyboard in Resources */ = {isa = PBXBuildFile; fileRef = 3EE225FB17B5B46A009AFD49 /* Main.storyboard */; };
		3EE2260017B5B46A009AFD49 /* mbViewController.m in Sources */ = {isa = PBXBuildFile; fileRef = 3EE225FF17B5B46A009AFD49 /* mbViewController.m */; };
		3EE2260217B5B46A009AFD49 /* Images.xcassets in Resources */ = {isa = PBXBuildFile; fileRef = 3EE2260117B5B46A009AFD49 /* Images.xcassets */; };
		3EE2260917B5B46B009AFD49 /* XCTest.framework in Frameworks */ = {isa = PBXBuildFile; fileRef = 3EE2260817B5B46B009AFD49 /* XCTest.framework */; };
		3EE2260A17B5B46B009AFD49 /* Foundation.framework in Frameworks */ = {isa = PBXBuildFile; fileRef = 3EE225E917B5B46A009AFD49 /* Foundation.framework */; };
		3EE2260B17B5B46B009AFD49 /* UIKit.framework in Frameworks */ = {isa = PBXBuildFile; fileRef = 3EE225ED17B5B46A009AFD49 /* UIKit.framework */; };
		3EE2261317B5B46B009AFD49 /* InfoPlist.strings in Resources */ = {isa = PBXBuildFile; fileRef = 3EE2261117B5B46B009AFD49 /* InfoPlist.strings */; };
		3EE2261517B5B46B009AFD49 /* iosMapBoxTests.m in Sources */ = {isa = PBXBuildFile; fileRef = 3EE2261417B5B46B009AFD49 /* iosMapBoxTests.m */; };
		3EE2261F17B5B68C009AFD49 /* MapBox.framework in Frameworks */ = {isa = PBXBuildFile; fileRef = 3EE2261E17B5B68C009AFD49 /* MapBox.framework */; };
		3EE2262117B5B723009AFD49 /* CoreLocation.framework in Frameworks */ = {isa = PBXBuildFile; fileRef = 3EE2262017B5B723009AFD49 /* CoreLocation.framework */; };
		3EE2262317B5B728009AFD49 /* QuartzCore.framework in Frameworks */ = {isa = PBXBuildFile; fileRef = 3EE2262217B5B728009AFD49 /* QuartzCore.framework */; };
		3EE2262517B5B735009AFD49 /* libsqlite3.0.dylib in Frameworks */ = {isa = PBXBuildFile; fileRef = 3EE2262417B5B735009AFD49 /* libsqlite3.0.dylib */; };
		3EE2262717B5B73F009AFD49 /* libz.dylib in Frameworks */ = {isa = PBXBuildFile; fileRef = 3EE2262617B5B73F009AFD49 /* libz.dylib */; };
		3EE2262917B5B79B009AFD49 /* MapBox.bundle in Resources */ = {isa = PBXBuildFile; fileRef = 3EE2262817B5B79B009AFD49 /* MapBox.bundle */; };
/* End PBXBuildFile section */

/* Begin PBXContainerItemProxy section */
		3EE2260C17B5B46B009AFD49 /* PBXContainerItemProxy */ = {
			isa = PBXContainerItemProxy;
			containerPortal = 3EE225DE17B5B46A009AFD49 /* Project object */;
			proxyType = 1;
			remoteGlobalIDString = 3EE225E517B5B46A009AFD49;
			remoteInfo = iosMapBox;
		};
/* End PBXContainerItemProxy section */

/* Begin PBXFileReference section */
		3EE225E617B5B46A009AFD49 /* iosMapBox.app */ = {isa = PBXFileReference; explicitFileType = wrapper.application; includeInIndex = 0; path = iosMapBox.app; sourceTree = BUILT_PRODUCTS_DIR; };
		3EE225E917B5B46A009AFD49 /* Foundation.framework */ = {isa = PBXFileReference; lastKnownFileType = wrapper.framework; name = Foundation.framework; path = System/Library/Frameworks/Foundation.framework; sourceTree = SDKROOT; };
		3EE225EB17B5B46A009AFD49 /* CoreGraphics.framework */ = {isa = PBXFileReference; lastKnownFileType = wrapper.framework; name = CoreGraphics.framework; path = System/Library/Frameworks/CoreGraphics.framework; sourceTree = SDKROOT; };
		3EE225ED17B5B46A009AFD49 /* UIKit.framework */ = {isa = PBXFileReference; lastKnownFileType = wrapper.framework; name = UIKit.framework; path = System/Library/Frameworks/UIKit.framework; sourceTree = SDKROOT; };
		3EE225F117B5B46A009AFD49 /* iosMapBox-Info.plist */ = {isa = PBXFileReference; lastKnownFileType = text.plist.xml; path = "iosMapBox-Info.plist"; sourceTree = "<group>"; };
		3EE225F317B5B46A009AFD49 /* en */ = {isa = PBXFileReference; lastKnownFileType = text.plist.strings; name = en; path = en.lproj/InfoPlist.strings; sourceTree = "<group>"; };
		3EE225F517B5B46A009AFD49 /* main.m */ = {isa = PBXFileReference; lastKnownFileType = sourcecode.c.objc; path = main.m; sourceTree = "<group>"; };
		3EE225F717B5B46A009AFD49 /* iosMapBox-Prefix.pch */ = {isa = PBXFileReference; lastKnownFileType = sourcecode.c.h; path = "iosMapBox-Prefix.pch"; sourceTree = "<group>"; };
		3EE225F817B5B46A009AFD49 /* mbAppDelegate.h */ = {isa = PBXFileReference; lastKnownFileType = sourcecode.c.h; path = mbAppDelegate.h; sourceTree = "<group>"; };
		3EE225F917B5B46A009AFD49 /* mbAppDelegate.m */ = {isa = PBXFileReference; lastKnownFileType = sourcecode.c.objc; path = mbAppDelegate.m; sourceTree = "<group>"; };
		3EE225FC17B5B46A009AFD49 /* Base */ = {isa = PBXFileReference; lastKnownFileType = file.storyboard; name = Base; path = Base.lproj/Main.storyboard; sourceTree = "<group>"; };
		3EE225FE17B5B46A009AFD49 /* mbViewController.h */ = {isa = PBXFileReference; lastKnownFileType = sourcecode.c.h; path = mbViewController.h; sourceTree = "<group>"; };
		3EE225FF17B5B46A009AFD49 /* mbViewController.m */ = {isa = PBXFileReference; lastKnownFileType = sourcecode.c.objc; path = mbViewController.m; sourceTree = "<group>"; };
		3EE2260117B5B46A009AFD49 /* Images.xcassets */ = {isa = PBXFileReference; lastKnownFileType = folder.assetcatalog; path = Images.xcassets; sourceTree = "<group>"; };
		3EE2260717B5B46A009AFD49 /* iosMapBoxTests.xctest */ = {isa = PBXFileReference; explicitFileType = wrapper.cfbundle; includeInIndex = 0; path = iosMapBoxTests.xctest; sourceTree = BUILT_PRODUCTS_DIR; };
		3EE2260817B5B46B009AFD49 /* XCTest.framework */ = {isa = PBXFileReference; lastKnownFileType = wrapper.framework; name = XCTest.framework; path = Library/Frameworks/XCTest.framework; sourceTree = DEVELOPER_DIR; };
		3EE2261017B5B46B009AFD49 /* iosMapBoxTests-Info.plist */ = {isa = PBXFileReference; lastKnownFileType = text.plist.xml; path = "iosMapBoxTests-Info.plist"; sourceTree = "<group>"; };
		3EE2261217B5B46B009AFD49 /* en */ = {isa = PBXFileReference; lastKnownFileType = text.plist.strings; name = en; path = en.lproj/InfoPlist.strings; sourceTree = "<group>"; };
		3EE2261417B5B46B009AFD49 /* iosMapBoxTests.m */ = {isa = PBXFileReference; lastKnownFileType = sourcecode.c.objc; path = iosMapBoxTests.m; sourceTree = "<group>"; };
		3EE2261E17B5B68C009AFD49 /* MapBox.framework */ = {isa = PBXFileReference; lastKnownFileType = wrapper.framework; name = MapBox.framework; path = iosMapBox/MapBox.framework; sourceTree = "<group>"; };
		3EE2262017B5B723009AFD49 /* CoreLocation.framework */ = {isa = PBXFileReference; lastKnownFileType = wrapper.framework; name = CoreLocation.framework; path = System/Library/Frameworks/CoreLocation.framework; sourceTree = SDKROOT; };
		3EE2262217B5B728009AFD49 /* QuartzCore.framework */ = {isa = PBXFileReference; lastKnownFileType = wrapper.framework; name = QuartzCore.framework; path = System/Library/Frameworks/QuartzCore.framework; sourceTree = SDKROOT; };
		3EE2262417B5B735009AFD49 /* libsqlite3.0.dylib */ = {isa = PBXFileReference; lastKnownFileType = "compiled.mach-o.dylib"; name = libsqlite3.0.dylib; path = usr/lib/libsqlite3.0.dylib; sourceTree = SDKROOT; };
		3EE2262617B5B73F009AFD49 /* libz.dylib */ = {isa = PBXFileReference; lastKnownFileType = "compiled.mach-o.dylib"; name = libz.dylib; path = usr/lib/libz.dylib; sourceTree = SDKROOT; };
		3EE2262817B5B79B009AFD49 /* MapBox.bundle */ = {isa = PBXFileReference; lastKnownFileType = "wrapper.plug-in"; name = MapBox.bundle; path = MapBox.framework/Versions/A/Resources/MapBox.bundle; sourceTree = "<group>"; };
/* End PBXFileReference section */

/* Begin PBXFrameworksBuildPhase section */
		3EE225E317B5B46A009AFD49 /* Frameworks */ = {
			isa = PBXFrameworksBuildPhase;
			buildActionMask = 2147483647;
			files = (
				3EE2262717B5B73F009AFD49 /* libz.dylib in Frameworks */,
				3EE2262517B5B735009AFD49 /* libsqlite3.0.dylib in Frameworks */,
				3EE2262317B5B728009AFD49 /* QuartzCore.framework in Frameworks */,
				3EE2262117B5B723009AFD49 /* CoreLocation.framework in Frameworks */,
				3EE2261F17B5B68C009AFD49 /* MapBox.framework in Frameworks */,
				3EE225EC17B5B46A009AFD49 /* CoreGraphics.framework in Frameworks */,
				3EE225EE17B5B46A009AFD49 /* UIKit.framework in Frameworks */,
				3EE225EA17B5B46A009AFD49 /* Foundation.framework in Frameworks */,
			);
			runOnlyForDeploymentPostprocessing = 0;
		};
		3EE2260417B5B46A009AFD49 /* Frameworks */ = {
			isa = PBXFrameworksBuildPhase;
			buildActionMask = 2147483647;
			files = (
				3EE2260917B5B46B009AFD49 /* XCTest.framework in Frameworks */,
				3EE2260B17B5B46B009AFD49 /* UIKit.framework in Frameworks */,
				3EE2260A17B5B46B009AFD49 /* Foundation.framework in Frameworks */,
			);
			runOnlyForDeploymentPostprocessing = 0;
		};
/* End PBXFrameworksBuildPhase section */

/* Begin PBXGroup section */
		3EE225DD17B5B46A009AFD49 = {
			isa = PBXGroup;
			children = (
				3EE225EF17B5B46A009AFD49 /* iosMapBox */,
				3EE2260E17B5B46B009AFD49 /* iosMapBoxTests */,
				3EE225E817B5B46A009AFD49 /* Frameworks */,
				3EE225E717B5B46A009AFD49 /* Products */,
			);
			sourceTree = "<group>";
		};
		3EE225E717B5B46A009AFD49 /* Products */ = {
			isa = PBXGroup;
			children = (
				3EE225E617B5B46A009AFD49 /* iosMapBox.app */,
				3EE2260717B5B46A009AFD49 /* iosMapBoxTests.xctest */,
			);
			name = Products;
			sourceTree = "<group>";
		};
		3EE225E817B5B46A009AFD49 /* Frameworks */ = {
			isa = PBXGroup;
			children = (
				3EE2262617B5B73F009AFD49 /* libz.dylib */,
				3EE2262417B5B735009AFD49 /* libsqlite3.0.dylib */,
				3EE2262217B5B728009AFD49 /* QuartzCore.framework */,
				3EE2262017B5B723009AFD49 /* CoreLocation.framework */,
				3EE2261E17B5B68C009AFD49 /* MapBox.framework */,
				3EE225E917B5B46A009AFD49 /* Foundation.framework */,
				3EE225EB17B5B46A009AFD49 /* CoreGraphics.framework */,
				3EE225ED17B5B46A009AFD49 /* UIKit.framework */,
				3EE2260817B5B46B009AFD49 /* XCTest.framework */,
			);
			name = Frameworks;
			sourceTree = "<group>";
		};
		3EE225EF17B5B46A009AFD49 /* iosMapBox */ = {
			isa = PBXGroup;
			children = (
				3EE2262817B5B79B009AFD49 /* MapBox.bundle */,
				3EE225F817B5B46A009AFD49 /* mbAppDelegate.h */,
				3EE225F917B5B46A009AFD49 /* mbAppDelegate.m */,
				3EE225FB17B5B46A009AFD49 /* Main.storyboard */,
				3EE225FE17B5B46A009AFD49 /* mbViewController.h */,
				3EE225FF17B5B46A009AFD49 /* mbViewController.m */,
				3EE2260117B5B46A009AFD49 /* Images.xcassets */,
				3EE225F017B5B46A009AFD49 /* Supporting Files */,
			);
			path = iosMapBox;
			sourceTree = "<group>";
		};
		3EE225F017B5B46A009AFD49 /* Supporting Files */ = {
			isa = PBXGroup;
			children = (
				3EE225F117B5B46A009AFD49 /* iosMapBox-Info.plist */,
				3EE225F217B5B46A009AFD49 /* InfoPlist.strings */,
				3EE225F517B5B46A009AFD49 /* main.m */,
				3EE225F717B5B46A009AFD49 /* iosMapBox-Prefix.pch */,
			);
			name = "Supporting Files";
			sourceTree = "<group>";
		};
		3EE2260E17B5B46B009AFD49 /* iosMapBoxTests */ = {
			isa = PBXGroup;
			children = (
				3EE2261417B5B46B009AFD49 /* iosMapBoxTests.m */,
				3EE2260F17B5B46B009AFD49 /* Supporting Files */,
			);
			path = iosMapBoxTests;
			sourceTree = "<group>";
		};
		3EE2260F17B5B46B009AFD49 /* Supporting Files */ = {
			isa = PBXGroup;
			children = (
				3EE2261017B5B46B009AFD49 /* iosMapBoxTests-Info.plist */,
				3EE2261117B5B46B009AFD49 /* InfoPlist.strings */,
			);
			name = "Supporting Files";
			sourceTree = "<group>";
		};
/* End PBXGroup section */

/* Begin PBXNativeTarget section */
		3EE225E517B5B46A009AFD49 /* iosMapBox */ = {
			isa = PBXNativeTarget;
			buildConfigurationList = 3EE2261817B5B46B009AFD49 /* Build configuration list for PBXNativeTarget "iosMapBox" */;
			buildPhases = (
				3EE225E217B5B46A009AFD49 /* Sources */,
				3EE225E317B5B46A009AFD49 /* Frameworks */,
				3EE225E417B5B46A009AFD49 /* Resources */,
			);
			buildRules = (
			);
			dependencies = (
			);
			name = iosMapBox;
			productName = iosMapBox;
			productReference = 3EE225E617B5B46A009AFD49 /* iosMapBox.app */;
			productType = "com.apple.product-type.application";
		};
		3EE2260617B5B46A009AFD49 /* iosMapBoxTests */ = {
			isa = PBXNativeTarget;
			buildConfigurationList = 3EE2261B17B5B46B009AFD49 /* Build configuration list for PBXNativeTarget "iosMapBoxTests" */;
			buildPhases = (
				3EE2260317B5B46A009AFD49 /* Sources */,
				3EE2260417B5B46A009AFD49 /* Frameworks */,
				3EE2260517B5B46A009AFD49 /* Resources */,
			);
			buildRules = (
			);
			dependencies = (
				3EE2260D17B5B46B009AFD49 /* PBXTargetDependency */,
			);
			name = iosMapBoxTests;
			productName = iosMapBoxTests;
			productReference = 3EE2260717B5B46A009AFD49 /* iosMapBoxTests.xctest */;
			productType = "com.apple.product-type.bundle.unit-test";
		};
/* End PBXNativeTarget section */

/* Begin PBXProject section */
		3EE225DE17B5B46A009AFD49 /* Project object */ = {
			isa = PBXProject;
			attributes = {
				CLASSPREFIX = mb;
				LastUpgradeCheck = 0500;
				ORGANIZATIONNAME = "Denny C. Dai";
				TargetAttributes = {
					3EE225E517B5B46A009AFD49 = {
						DevelopmentTeam = 4AAQUZMMPD;
					};
					3EE2260617B5B46A009AFD49 = {
						TestTargetID = 3EE225E517B5B46A009AFD49;
					};
				};
			};
			buildConfigurationList = 3EE225E117B5B46A009AFD49 /* Build configuration list for PBXProject "iosMapBox" */;
			compatibilityVersion = "Xcode 3.2";
			developmentRegion = English;
			hasScannedForEncodings = 0;
			knownRegions = (
				en,
				Base,
			);
			mainGroup = 3EE225DD17B5B46A009AFD49;
			productRefGroup = 3EE225E717B5B46A009AFD49 /* Products */;
			projectDirPath = "";
			projectRoot = "";
			targets = (
				3EE225E517B5B46A009AFD49 /* iosMapBox */,
				3EE2260617B5B46A009AFD49 /* iosMapBoxTests */,
			);
		};
/* End PBXProject section */

/* Begin PBXResourcesBuildPhase section */
		3EE225E417B5B46A009AFD49 /* Resources */ = {
			isa = PBXResourcesBuildPhase;
			buildActionMask = 2147483647;
			files = (
				3EE2262917B5B79B009AFD49 /* MapBox.bundle in Resources */,
				3EE2260217B5B46A009AFD49 /* Images.xcassets in Resources */,
				3EE225F417B5B46A009AFD49 /* InfoPlist.strings in Resources */,
				3EE225FD17B5B46A009AFD49 /* Main.storyboard in Resources */,
			);
			runOnlyForDeploymentPostprocessing = 0;
		};
		3EE2260517B5B46A009AFD49 /* Resources */ = {
			isa = PBXResourcesBuildPhase;
			buildActionMask = 2147483647;
			files = (
				3EE2261317B5B46B009AFD49 /* InfoPlist.strings in Resources */,
			);
			runOnlyForDeploymentPostprocessing = 0;
		};
/* End PBXResourcesBuildPhase section */

/* Begin PBXSourcesBuildPhase section */
		3EE225E217B5B46A009AFD49 /* Sources */ = {
			isa = PBXSourcesBuildPhase;
			buildActionMask = 2147483647;
			files = (
				3EE2260017B5B46A009AFD49 /* mbViewController.m in Sources */,
				3EE225F617B5B46A009AFD49 /* main.m in Sources */,
				3EE225FA17B5B46A009AFD49 /* mbAppDelegate.m in Sources */,
			);
			runOnlyForDeploymentPostprocessing = 0;
		};
		3EE2260317B5B46A009AFD49 /* Sources */ = {
			isa = PBXSourcesBuildPhase;
			buildActionMask = 2147483647;
			files = (
				3EE2261517B5B46B009AFD49 /* iosMapBoxTests.m in Sources */,
			);
			runOnlyForDeploymentPostprocessing = 0;
		};
/* End PBXSourcesBuildPhase section */

/* Begin PBXTargetDependency section */
		3EE2260D17B5B46B009AFD49 /* PBXTargetDependency */ = {
			isa = PBXTargetDependency;
			target = 3EE225E517B5B46A009AFD49 /* iosMapBox */;
			targetProxy = 3EE2260C17B5B46B009AFD49 /* PBXContainerItemProxy */;
		};
/* End PBXTargetDependency section */

/* Begin PBXVariantGroup section */
		3EE225F217B5B46A009AFD49 /* InfoPlist.strings */ = {
			isa = PBXVariantGroup;
			children = (
				3EE225F317B5B46A009AFD49 /* en */,
			);
			name = InfoPlist.strings;
			sourceTree = "<group>";
		};
		3EE225FB17B5B46A009AFD49 /* Main.storyboard */ = {
			isa = PBXVariantGroup;
			children = (
				3EE225FC17B5B46A009AFD49 /* Base */,
			);
			name = Main.storyboard;
			sourceTree = "<group>";
		};
		3EE2261117B5B46B009AFD49 /* InfoPlist.strings */ = {
			isa = PBXVariantGroup;
			children = (
				3EE2261217B5B46B009AFD49 /* en */,
			);
			name = InfoPlist.strings;
			sourceTree = "<group>";
		};
/* End PBXVariantGroup section */

/* Begin XCBuildConfiguration section */
		3EE2261617B5B46B009AFD49 /* Debug */ = {
			isa = XCBuildConfiguration;
			buildSettings = {
				ALWAYS_SEARCH_USER_PATHS = NO;
				CLANG_CXX_LANGUAGE_STANDARD = "gnu++0x";
				CLANG_CXX_LIBRARY = "libc++";
				CLANG_ENABLE_MODULES = YES;
				CLANG_ENABLE_OBJC_ARC = YES;
				CLANG_WARN_BOOL_CONVERSION = YES;
				CLANG_WARN_CONSTANT_CONVERSION = YES;
				CLANG_WARN_DIRECT_OBJC_ISA_USAGE = YES_ERROR;
				CLANG_WARN_EMPTY_BODY = YES;
				CLANG_WARN_ENUM_CONVERSION = YES;
				CLANG_WARN_INT_CONVERSION = YES;
				CLANG_WARN_OBJC_ROOT_CLASS = YES_ERROR;
				CLANG_WARN__DUPLICATE_METHOD_MATCH = YES;
				"CODE_SIGN_IDENTITY[sdk=iphoneos*]" = "iPhone Developer";
				COPY_PHASE_STRIP = NO;
				GCC_C_LANGUAGE_STANDARD = gnu99;
				GCC_DYNAMIC_NO_PIC = NO;
				GCC_OPTIMIZATION_LEVEL = 0;
				GCC_PREPROCESSOR_DEFINITIONS = (
					"DEBUG=1",
					"$(inherited)",
				);
				GCC_SYMBOLS_PRIVATE_EXTERN = NO;
				GCC_WARN_ABOUT_RETURN_TYPE = YES_ERROR;
				GCC_WARN_UNDECLARED_SELECTOR = YES;
				GCC_WARN_UNINITIALIZED_AUTOS = YES;
				GCC_WARN_UNUSED_FUNCTION = YES;
				GCC_WARN_UNUSED_VARIABLE = YES;
				IPHONEOS_DEPLOYMENT_TARGET = 7.0;
				ONLY_ACTIVE_ARCH = YES;
				SDKROOT = iphoneos;
			};
			name = Debug;
		};
		3EE2261717B5B46B009AFD49 /* Release */ = {
			isa = XCBuildConfiguration;
			buildSettings = {
				ALWAYS_SEARCH_USER_PATHS = NO;
				CLANG_CXX_LANGUAGE_STANDARD = "gnu++0x";
				CLANG_CXX_LIBRARY = "libc++";
				CLANG_ENABLE_MODULES = YES;
				CLANG_ENABLE_OBJC_ARC = YES;
				CLANG_WARN_BOOL_CONVERSION = YES;
				CLANG_WARN_CONSTANT_CONVERSION = YES;
				CLANG_WARN_DIRECT_OBJC_ISA_USAGE = YES_ERROR;
				CLANG_WARN_EMPTY_BODY = YES;
				CLANG_WARN_ENUM_CONVERSION = YES;
				CLANG_WARN_INT_CONVERSION = YES;
				CLANG_WARN_OBJC_ROOT_CLASS = YES_ERROR;
				CLANG_WARN__DUPLICATE_METHOD_MATCH = YES;
				"CODE_SIGN_IDENTITY[sdk=iphoneos*]" = "iPhone Developer";
				COPY_PHASE_STRIP = YES;
				ENABLE_NS_ASSERTIONS = NO;
				GCC_C_LANGUAGE_STANDARD = gnu99;
				GCC_WARN_ABOUT_RETURN_TYPE = YES_ERROR;
				GCC_WARN_UNDECLARED_SELECTOR = YES;
				GCC_WARN_UNINITIALIZED_AUTOS = YES;
				GCC_WARN_UNUSED_FUNCTION = YES;
				GCC_WARN_UNUSED_VARIABLE = YES;
				IPHONEOS_DEPLOYMENT_TARGET = 7.0;
				SDKROOT = iphoneos;
				VALIDATE_PRODUCT = YES;
			};
			name = Release;
		};
		3EE2261917B5B46B009AFD49 /* Debug */ = {
			isa = XCBuildConfiguration;
			buildSettings = {
				ASSETCATALOG_COMPILER_APPICON_NAME = AppIcon;
				ASSETCATALOG_COMPILER_LAUNCHIMAGE_NAME = LaunchImage;
				CODE_SIGN_IDENTITY = "iPhone Developer";
				FRAMEWORK_SEARCH_PATHS = (
					"$(inherited)",
					"/Users/cda18/Github/ios-practice/location/mapbox/iosMapBox/iosMapBox",
				);
				GCC_PRECOMPILE_PREFIX_HEADER = YES;
				GCC_PREFIX_HEADER = "iosMapBox/iosMapBox-Prefix.pch";
				INFOPLIST_FILE = "iosMapBox/iosMapBox-Info.plist";
				OTHER_LDFLAGS = "-ObjC";
				PRODUCT_NAME = "$(TARGET_NAME)";
				WRAPPER_EXTENSION = app;
			};
			name = Debug;
		};
		3EE2261A17B5B46B009AFD49 /* Release */ = {
			isa = XCBuildConfiguration;
			buildSettings = {
				ASSETCATALOG_COMPILER_APPICON_NAME = AppIcon;
				ASSETCATALOG_COMPILER_LAUNCHIMAGE_NAME = LaunchImage;
				CODE_SIGN_IDENTITY = "iPhone Developer";
				FRAMEWORK_SEARCH_PATHS = (
					"$(inherited)",
					"/Users/cda18/Github/ios-practice/location/mapbox/iosMapBox/iosMapBox",
				);
				GCC_PRECOMPILE_PREFIX_HEADER = YES;
				GCC_PREFIX_HEADER = "iosMapBox/iosMapBox-Prefix.pch";
				INFOPLIST_FILE = "iosMapBox/iosMapBox-Info.plist";
				OTHER_LDFLAGS = "-ObjC";
				PRODUCT_NAME = "$(TARGET_NAME)";
				WRAPPER_EXTENSION = app;
			};
			name = Release;
		};
		3EE2261C17B5B46B009AFD49 /* Debug */ = {
			isa = XCBuildConfiguration;
			buildSettings = {
				BUNDLE_LOADER = "$(BUILT_PRODUCTS_DIR)/iosMapBox.app/iosMapBox";
				FRAMEWORK_SEARCH_PATHS = (
					"$(SDKROOT)/Developer/Library/Frameworks",
					"$(inherited)",
					"$(DEVELOPER_FRAMEWORKS_DIR)",
				);
				GCC_PRECOMPILE_PREFIX_HEADER = YES;
				GCC_PREFIX_HEADER = "iosMapBox/iosMapBox-Prefix.pch";
				GCC_PREPROCESSOR_DEFINITIONS = (
					"DEBUG=1",
					"$(inherited)",
				);
				INFOPLIST_FILE = "iosMapBoxTests/iosMapBoxTests-Info.plist";
				PRODUCT_NAME = "$(TARGET_NAME)";
				TEST_HOST = "$(BUNDLE_LOADER)";
				WRAPPER_EXTENSION = xctest;
			};
			name = Debug;
		};
		3EE2261D17B5B46B009AFD49 /* Release */ = {
			isa = XCBuildConfiguration;
			buildSettings = {
				BUNDLE_LOADER = "$(BUILT_PRODUCTS_DIR)/iosMapBox.app/iosMapBox";
				FRAMEWORK_SEARCH_PATHS = (
					"$(SDKROOT)/Developer/Library/Frameworks",
					"$(inherited)",
					"$(DEVELOPER_FRAMEWORKS_DIR)",
				);
				GCC_PRECOMPILE_PREFIX_HEADER = YES;
				GCC_PREFIX_HEADER = "iosMapBox/iosMapBox-Prefix.pch";
				INFOPLIST_FILE = "iosMapBoxTests/iosMapBoxTests-Info.plist";
				PRODUCT_NAME = "$(TARGET_NAME)";
				TEST_HOST = "$(BUNDLE_LOADER)";
				WRAPPER_EXTENSION = xctest;
			};
			name = Release;
		};
/* End XCBuildConfiguration section */

/* Begin XCConfigurationList section */
		3EE225E117B5B46A009AFD49 /* Build configuration list for PBXProject "iosMapBox" */ = {
			isa = XCConfigurationList;
			buildConfigurations = (
				3EE2261617B5B46B009AFD49 /* Debug */,
				3EE2261717B5B46B009AFD49 /* Release */,
			);
			defaultConfigurationIsVisible = 0;
			defaultConfigurationName = Release;
		};
		3EE2261817B5B46B009AFD49 /* Build configuration list for PBXNativeTarget "iosMapBox" */ = {
			isa = XCConfigurationList;
			buildConfigurations = (
				3EE2261917B5B46B009AFD49 /* Debug */,
				3EE2261A17B5B46B009AFD49 /* Release */,
			);
			defaultConfigurationIsVisible = 0;
		};
		3EE2261B17B5B46B009AFD49 /* Build configuration list for PBXNativeTarget "iosMapBoxTests" */ = {
			isa = XCConfigurationList;
			buildConfigurations = (
				3EE2261C17B5B46B009AFD49 /* Debug */,
				3EE2261D17B5B46B009AFD49 /* Release */,
			);
			defaultConfigurationIsVisible = 0;
		};
/* End XCConfigurationList section */
	};
	rootObject = 3EE225DE17B5B46A009AFD49 /* Project object */;
}
